
Microsoft Visual Studio Solution File, Format Version 12.00
# Visual Studio Version 16
VisualStudioVersion = 25.0.1705.3
MinimumVisualStudioVersion = 10.0.40219.1
Project("{FAE04EC0-301F-11D3-BF4B-00C04F79EFBC}") = "L6-Graph", "L6-Graph.csproj", "{D02829D1-93E1-4194-9CB4-CC0CE18BC4D7}"
EndProject
Global
	GlobalSection(SolutionConfigurationPlatforms) = preSolution
		Debug|Any CPU = Debug|Any CPU
		Release|Any CPU = Release|Any CPU
	EndGlobalSection
	GlobalSection(ProjectConfigurationPlatforms) = postSolution
		{D02829D1-93E1-4194-9CB4-CC0CE18BC4D7}.Debug|Any CPU.ActiveCfg = Debug|Any CPU
		{D02829D1-93E1-4194-9CB4-CC0CE18BC4D7}.Debug|Any CPU.Build.0 = Debug|Any CPU
		{D02829D1-93E1-4194-9CB4-CC0CE18BC4D7}.Release|Any CPU.ActiveCfg = Release|Any CPU
		{D02829D1-93E1-4194-9CB4-CC0CE18BC4D7}.Release|Any CPU.Build.0 = Release|Any CPU
	EndGlobalSection
	GlobalSection(SolutionProperties) = preSolution
		HideSolutionNode = FALSE
	EndGlobalSection
	GlobalSection(ExtensibilityGlobals) = postSolution
		SolutionGuid = {DB4BACA5-B12B-4F6F-BA49-D29A4AA33964}
	EndGlobalSection
EndGlobal
